
Microsoft Visual Studio Solution File, Format Version 12.00
# Visual Studio Version 17
VisualStudioVersion = 17.3.32901.215
MinimumVisualStudioVersion = 10.0.40219.1
Project("{FAE04EC0-301F-11D3-BF4B-00C04F79EFBC}") = "Celsius", "Celsius.csproj", "{18D1662E-5156-4C2C-BE95-DB5C096026DF}"
EndProject
Global
	GlobalSection(SolutionConfigurationPlatforms) = preSolution
		Debug|Any CPU = Debug|Any CPU
		Release|Any CPU = Release|Any CPU
	EndGlobalSection
	GlobalSection(ProjectConfigurationPlatforms) = postSolution
		{18D1662E-5156-4C2C-BE95-DB5C096026DF}.Debug|Any CPU.ActiveCfg = Debug|Any CPU
		{18D1662E-5156-4C2C-BE95-DB5C096026DF}.Debug|Any CPU.Build.0 = Debug|Any CPU
		{18D1662E-5156-4C2C-BE95-DB5C096026DF}.Release|Any CPU.ActiveCfg = Release|Any CPU
		{18D1662E-5156-4C2C-BE95-DB5C096026DF}.Release|Any CPU.Build.0 = Release|Any CPU
	EndGlobalSection
	GlobalSection(SolutionProperties) = preSolution
		HideSolutionNode = FALSE
	EndGlobalSection
	GlobalSection(ExtensibilityGlobals) = postSolution
		SolutionGuid = {F1AF32EE-766D-410C-8798-97ED4124BF63}
	EndGlobalSection
EndGlobal
