
Microsoft Visual Studio Solution File, Format Version 12.00
# Visual Studio Version 17
VisualStudioVersion = 17.3.32901.215
MinimumVisualStudioVersion = 10.0.40219.1
Project("{FAE04EC0-301F-11D3-BF4B-00C04F79EFBC}") = "Om", "Om.csproj", "{ED3DC3AB-3EAE-4FCE-89C4-A7FF14D6DC77}"
EndProject
Global
	GlobalSection(SolutionConfigurationPlatforms) = preSolution
		Debug|Any CPU = Debug|Any CPU
		Release|Any CPU = Release|Any CPU
	EndGlobalSection
	GlobalSection(ProjectConfigurationPlatforms) = postSolution
		{ED3DC3AB-3EAE-4FCE-89C4-A7FF14D6DC77}.Debug|Any CPU.ActiveCfg = Debug|Any CPU
		{ED3DC3AB-3EAE-4FCE-89C4-A7FF14D6DC77}.Debug|Any CPU.Build.0 = Debug|Any CPU
		{ED3DC3AB-3EAE-4FCE-89C4-A7FF14D6DC77}.Release|Any CPU.ActiveCfg = Release|Any CPU
		{ED3DC3AB-3EAE-4FCE-89C4-A7FF14D6DC77}.Release|Any CPU.Build.0 = Release|Any CPU
	EndGlobalSection
	GlobalSection(SolutionProperties) = preSolution
		HideSolutionNode = FALSE
	EndGlobalSection
	GlobalSection(ExtensibilityGlobals) = postSolution
		SolutionGuid = {57B685C5-57D9-4024-97BE-F5DDD562074B}
	EndGlobalSection
EndGlobal
