
Microsoft Visual Studio Solution File, Format Version 12.00
# Visual Studio Version 17
VisualStudioVersion = 17.3.32901.215
MinimumVisualStudioVersion = 10.0.40219.1
Project("{FAE04EC0-301F-11D3-BF4B-00C04F79EFBC}") = "Sunday", "Sunday.csproj", "{39EF692A-983A-44F0-A27E-45BEFDB1CB76}"
EndProject
Global
	GlobalSection(SolutionConfigurationPlatforms) = preSolution
		Debug|Any CPU = Debug|Any CPU
		Release|Any CPU = Release|Any CPU
	EndGlobalSection
	GlobalSection(ProjectConfigurationPlatforms) = postSolution
		{39EF692A-983A-44F0-A27E-45BEFDB1CB76}.Debug|Any CPU.ActiveCfg = Debug|Any CPU
		{39EF692A-983A-44F0-A27E-45BEFDB1CB76}.Debug|Any CPU.Build.0 = Debug|Any CPU
		{39EF692A-983A-44F0-A27E-45BEFDB1CB76}.Release|Any CPU.ActiveCfg = Release|Any CPU
		{39EF692A-983A-44F0-A27E-45BEFDB1CB76}.Release|Any CPU.Build.0 = Release|Any CPU
	EndGlobalSection
	GlobalSection(SolutionProperties) = preSolution
		HideSolutionNode = FALSE
	EndGlobalSection
	GlobalSection(ExtensibilityGlobals) = postSolution
		SolutionGuid = {407966E9-2987-4AD2-BE53-17691B1232CB}
	EndGlobalSection
EndGlobal
