
Microsoft Visual Studio Solution File, Format Version 12.00
# Visual Studio Version 17
VisualStudioVersion = 17.3.32901.215
MinimumVisualStudioVersion = 10.0.40219.1
Project("{FAE04EC0-301F-11D3-BF4B-00C04F79EFBC}") = "Math", "Math.csproj", "{64B40819-1A37-4AD6-B852-445A8942BF8B}"
EndProject
Global
	GlobalSection(SolutionConfigurationPlatforms) = preSolution
		Debug|Any CPU = Debug|Any CPU
		Release|Any CPU = Release|Any CPU
	EndGlobalSection
	GlobalSection(ProjectConfigurationPlatforms) = postSolution
		{64B40819-1A37-4AD6-B852-445A8942BF8B}.Debug|Any CPU.ActiveCfg = Debug|Any CPU
		{64B40819-1A37-4AD6-B852-445A8942BF8B}.Debug|Any CPU.Build.0 = Debug|Any CPU
		{64B40819-1A37-4AD6-B852-445A8942BF8B}.Release|Any CPU.ActiveCfg = Release|Any CPU
		{64B40819-1A37-4AD6-B852-445A8942BF8B}.Release|Any CPU.Build.0 = Release|Any CPU
	EndGlobalSection
	GlobalSection(SolutionProperties) = preSolution
		HideSolutionNode = FALSE
	EndGlobalSection
	GlobalSection(ExtensibilityGlobals) = postSolution
		SolutionGuid = {820AB126-AE9A-4EAA-9E61-96A98BB9A529}
	EndGlobalSection
EndGlobal
