
Microsoft Visual Studio Solution File, Format Version 12.00
# Visual Studio Version 17
VisualStudioVersion = 17.3.32901.215
MinimumVisualStudioVersion = 10.0.40219.1
Project("{FAE04EC0-301F-11D3-BF4B-00C04F79EFBC}") = "Maths2", "Maths2.csproj", "{4C8BB235-D236-40C2-A851-E5BB7DDFA469}"
EndProject
Global
	GlobalSection(SolutionConfigurationPlatforms) = preSolution
		Debug|Any CPU = Debug|Any CPU
		Release|Any CPU = Release|Any CPU
	EndGlobalSection
	GlobalSection(ProjectConfigurationPlatforms) = postSolution
		{4C8BB235-D236-40C2-A851-E5BB7DDFA469}.Debug|Any CPU.ActiveCfg = Debug|Any CPU
		{4C8BB235-D236-40C2-A851-E5BB7DDFA469}.Debug|Any CPU.Build.0 = Debug|Any CPU
		{4C8BB235-D236-40C2-A851-E5BB7DDFA469}.Release|Any CPU.ActiveCfg = Release|Any CPU
		{4C8BB235-D236-40C2-A851-E5BB7DDFA469}.Release|Any CPU.Build.0 = Release|Any CPU
	EndGlobalSection
	GlobalSection(SolutionProperties) = preSolution
		HideSolutionNode = FALSE
	EndGlobalSection
	GlobalSection(ExtensibilityGlobals) = postSolution
		SolutionGuid = {40B741DA-3980-4AAF-8031-3F629E6E478E}
	EndGlobalSection
EndGlobal
